<?xml version="1.0" encoding="utf-8"?>
<Project ToolsVersion="4.0" xmlns="http://schemas.microsoft.com/developer/msbuild/2003">
  <ItemGroup>
    <Filter Include="Source Files">
      <UniqueIdentifier>{4FC737F1-C7A5-4376-A066-2A32D752A2FF}</UniqueIdentifier>
      <Extensions>cpp;c;cc;cxx;def;odl;idl;hpj;bat;asm;asmx</Extensions>
    </Filter>
    <Filter Include="Header Files">
      <UniqueIdentifier>{93995380-89BD-4b04-88EB-625FBE52EBFB}</UniqueIdentifier>
      <Extensions>h;hpp;hxx;hm;inl;inc;xsd</Extensions>
    </Filter>
    <Filter Include="Resource Files">
      <UniqueIdentifier>{67DA6AB6-F800-4c08-8B7A-83BB121AAD01}</UniqueIdentifier>
      <Extensions>rc;ico;cur;bmp;dlg;rc2;rct;bin;rgs;gif;jpg;jpeg;jpe;resx;tiff;tif;png;wav;mfcribbon-ms</Extensions>
    </Filter>
    <Filter Include="Configuration Files">
      <UniqueIdentifier>{ce48f035-6d58-472f-aebb-a284f59bcfdc}</UniqueIdentifier>
    </Filter>
    <Filter Include="Header Files\app">
      <UniqueIdentifier>{03b5a12d-0597-47a0-a241-c4aae33013f5}</UniqueIdentifier>
    </Filter>
    <Filter Include="Header Files\map">
      <UniqueIdentifier>{bb6fe48b-8533-4dd0-8968-6739dd24bf7a}</UniqueIdentifier>
    </Filter>
    <Filter Include="Source Files\app">
      <UniqueIdentifier>{36903f93-85b9-4650-9178-28ceb242146b}</UniqueIdentifier>
    </Filter>
    <Filter Include="Source Files\map">
      <UniqueIdentifier>{78b70279-3b1d-4920-9b35-ae0edfc843c0}</UniqueIdentifier>
    </Filter>
  </ItemGroup>
  <ItemGroup>
    <ClCompile Include="..\..\src\stdafx.cpp">
      <Filter>Source Files</Filter>
    </ClCompile>
    <ClCompile Include="..\..\src\app\BaseApplication.cpp">
      <Filter>Source Files\app</Filter>
    </ClCompile>
    <ClCompile Include="..\..\src\app\TreadLightlyApp.cpp">
      <Filter>Source Files\app</Filter>
    </ClCompile>
    <ClCompile Include="..\..\src\main.cpp">
      <Filter>Source Files</Filter>
    </ClCompile>
    <ClCompile Include="..\..\src\map\MapData.cpp">
      <Filter>Source Files\map</Filter>
    </ClCompile>
    <ClCompile Include="..\..\src\map\PathFinder.cpp">
      <Filter>Source Files\map</Filter>
    </ClCompile>
    <ClCompile Include="..\..\src\map\MapAssets.cpp">
      <Filter>Source Files\map</Filter>
    </ClCompile>
    <ClCompile Include="..\..\src\Map.cpp">
      <Filter>Source Files</Filter>
    </ClCompile>
    <ClCompile Include="CameraController.cpp">
      <Filter>Source Files</Filter>
    </ClCompile>
  </ItemGroup>
  <ItemGroup>
    <ClInclude Include="..\..\include\stdafx.h">
      <Filter>Header Files</Filter>
    </ClInclude>
    <ClInclude Include="..\..\include\app\BaseApplication.h">
      <Filter>Header Files\app</Filter>
    </ClInclude>
    <ClInclude Include="..\..\include\app\TreadLightlyApp.h">
      <Filter>Header Files\app</Filter>
    </ClInclude>
    <ClInclude Include="..\..\include\map\MapData.h">
      <Filter>Header Files\map</Filter>
    </ClInclude>
    <ClInclude Include="..\..\include\map\MapAssets.h">
      <Filter>Header Files\map</Filter>
    </ClInclude>
    <ClInclude Include="..\..\include\map\PathFinder.h">
      <Filter>Header Files\map</Filter>
    </ClInclude>
    <ClInclude Include="..\..\include\CameraController.h">
      <Filter>Header Files</Filter>
    </ClInclude>
    <ClInclude Include="..\..\include\Map.h">
      <Filter>Header Files</Filter>
    </ClInclude>
  </ItemGroup>
  <ItemGroup>
    <None Include="..\..\ogre.cfg">
      <Filter>Configuration Files</Filter>
    </None>
    <None Include="..\..\plugins.cfg">
      <Filter>Configuration Files</Filter>
    </None>
    <None Include="..\..\plugins_d.cfg">
      <Filter>Configuration Files</Filter>
    </None>
    <None Include="..\..\resources.cfg">
      <Filter>Configuration Files</Filter>
    </None>
    <None Include="..\..\resources_d.cfg">
      <Filter>Configuration Files</Filter>
    </None>
  </ItemGroup>
</Project>